
Microsoft Visual Studio Solution File, Format Version 12.00
# Visual Studio 15
VisualStudioVersion = 15.0.26730.12
MinimumVisualStudioVersion = 10.0.40219.1
Project("{8BC9CEB8-8B4A-11D0-8D11-00A0C91BC942}") = "ConsoleApplication2", "ConsoleApplication2\ConsoleApplication2.vcxproj", "{6574747D-BA6E-4F9E-8302-8951F46E432D}"
EndProject
Project("{8BC9CEB8-8B4A-11D0-8D11-00A0C91BC942}") = "ConsoleApplication1", "ConsoleApplication1\ConsoleApplication1.vcxproj", "{77C171AD-646C-42F5-834D-A69912E8F906}"
EndProject
Project("{8BC9CEB8-8B4A-11D0-8D11-00A0C91BC942}") = "ConsoleApplication3", "ConsoleApplication3\ConsoleApplication3.vcxproj", "{1509568D-EE33-4F43-A365-D10683ECE728}"
EndProject
Project("{8BC9CEB8-8B4A-11D0-8D11-00A0C91BC942}") = "ConsoleApplication4", "ConsoleApplication4\ConsoleApplication4.vcxproj", "{FC11F5D2-604C-434B-BFD8-73A46C27F541}"
EndProject
Project("{8BC9CEB8-8B4A-11D0-8D11-00A0C91BC942}") = "ConsoleApplication5", "ConsoleApplication5\ConsoleApplication5.vcxproj", "{FEE3619F-8218-4A9F-8350-8E6B65D97ABC}"
EndProject
Project("{8BC9CEB8-8B4A-11D0-8D11-00A0C91BC942}") = "ConsoleApplication6", "ConsoleApplication6\ConsoleApplication6.vcxproj", "{DFCA95D5-8181-4602-9658-466E1C383BE7}"
EndProject
Project("{8BC9CEB8-8B4A-11D0-8D11-00A0C91BC942}") = "ConsoleApplication7", "ConsoleApplication7\ConsoleApplication7.vcxproj", "{BE3762D5-28E6-4D70-B4F8-83FC0503DE9C}"
EndProject
Global
	GlobalSection(SolutionConfigurationPlatforms) = preSolution
		Debug|x64 = Debug|x64
		Debug|x86 = Debug|x86
		Release|x64 = Release|x64
		Release|x86 = Release|x86
	EndGlobalSection
	GlobalSection(ProjectConfigurationPlatforms) = postSolution
		{6574747D-BA6E-4F9E-8302-8951F46E432D}.Debug|x64.ActiveCfg = Debug|x64
		{6574747D-BA6E-4F9E-8302-8951F46E432D}.Debug|x64.Build.0 = Debug|x64
		{6574747D-BA6E-4F9E-8302-8951F46E432D}.Debug|x86.ActiveCfg = Debug|Win32
		{6574747D-BA6E-4F9E-8302-8951F46E432D}.Debug|x86.Build.0 = Debug|Win32
		{6574747D-BA6E-4F9E-8302-8951F46E432D}.Release|x64.ActiveCfg = Release|x64
		{6574747D-BA6E-4F9E-8302-8951F46E432D}.Release|x64.Build.0 = Release|x64
		{6574747D-BA6E-4F9E-8302-8951F46E432D}.Release|x86.ActiveCfg = Release|Win32
		{6574747D-BA6E-4F9E-8302-8951F46E432D}.Release|x86.Build.0 = Release|Win32
		{77C171AD-646C-42F5-834D-A69912E8F906}.Debug|x64.ActiveCfg = Debug|x64
		{77C171AD-646C-42F5-834D-A69912E8F906}.Debug|x64.Build.0 = Debug|x64
		{77C171AD-646C-42F5-834D-A69912E8F906}.Debug|x86.ActiveCfg = Debug|Win32
		{77C171AD-646C-42F5-834D-A69912E8F906}.Debug|x86.Build.0 = Debug|Win32
		{77C171AD-646C-42F5-834D-A69912E8F906}.Release|x64.ActiveCfg = Release|x64
		{77C171AD-646C-42F5-834D-A69912E8F906}.Release|x64.Build.0 = Release|x64
		{77C171AD-646C-42F5-834D-A69912E8F906}.Release|x86.ActiveCfg = Release|Win32
		{77C171AD-646C-42F5-834D-A69912E8F906}.Release|x86.Build.0 = Release|Win32
		{1509568D-EE33-4F43-A365-D10683ECE728}.Debug|x64.ActiveCfg = Debug|x64
		{1509568D-EE33-4F43-A365-D10683ECE728}.Debug|x64.Build.0 = Debug|x64
		{1509568D-EE33-4F43-A365-D10683ECE728}.Debug|x86.ActiveCfg = Debug|Win32
		{1509568D-EE33-4F43-A365-D10683ECE728}.Debug|x86.Build.0 = Debug|Win32
		{1509568D-EE33-4F43-A365-D10683ECE728}.Release|x64.ActiveCfg = Release|x64
		{1509568D-EE33-4F43-A365-D10683ECE728}.Release|x64.Build.0 = Release|x64
		{1509568D-EE33-4F43-A365-D10683ECE728}.Release|x86.ActiveCfg = Release|Win32
		{1509568D-EE33-4F43-A365-D10683ECE728}.Release|x86.Build.0 = Release|Win32
		{FC11F5D2-604C-434B-BFD8-73A46C27F541}.Debug|x64.ActiveCfg = Debug|x64
		{FC11F5D2-604C-434B-BFD8-73A46C27F541}.Debug|x64.Build.0 = Debug|x64
		{FC11F5D2-604C-434B-BFD8-73A46C27F541}.Debug|x86.ActiveCfg = Debug|Win32
		{FC11F5D2-604C-434B-BFD8-73A46C27F541}.Debug|x86.Build.0 = Debug|Win32
		{FC11F5D2-604C-434B-BFD8-73A46C27F541}.Release|x64.ActiveCfg = Release|x64
		{FC11F5D2-604C-434B-BFD8-73A46C27F541}.Release|x64.Build.0 = Release|x64
		{FC11F5D2-604C-434B-BFD8-73A46C27F541}.Release|x86.ActiveCfg = Release|Win32
		{FC11F5D2-604C-434B-BFD8-73A46C27F541}.Release|x86.Build.0 = Release|Win32
		{FEE3619F-8218-4A9F-8350-8E6B65D97ABC}.Debug|x64.ActiveCfg = Debug|x64
		{FEE3619F-8218-4A9F-8350-8E6B65D97ABC}.Debug|x64.Build.0 = Debug|x64
		{FEE3619F-8218-4A9F-8350-8E6B65D97ABC}.Debug|x86.ActiveCfg = Debug|Win32
		{FEE3619F-8218-4A9F-8350-8E6B65D97ABC}.Debug|x86.Build.0 = Debug|Win32
		{FEE3619F-8218-4A9F-8350-8E6B65D97ABC}.Release|x64.ActiveCfg = Release|x64
		{FEE3619F-8218-4A9F-8350-8E6B65D97ABC}.Release|x64.Build.0 = Release|x64
		{FEE3619F-8218-4A9F-8350-8E6B65D97ABC}.Release|x86.ActiveCfg = Release|Win32
		{FEE3619F-8218-4A9F-8350-8E6B65D97ABC}.Release|x86.Build.0 = Release|Win32
		{DFCA95D5-8181-4602-9658-466E1C383BE7}.Debug|x64.ActiveCfg = Debug|x64
		{DFCA95D5-8181-4602-9658-466E1C383BE7}.Debug|x64.Build.0 = Debug|x64
		{DFCA95D5-8181-4602-9658-466E1C383BE7}.Debug|x86.ActiveCfg = Debug|Win32
		{DFCA95D5-8181-4602-9658-466E1C383BE7}.Debug|x86.Build.0 = Debug|Win32
		{DFCA95D5-8181-4602-9658-466E1C383BE7}.Release|x64.ActiveCfg = Release|x64
		{DFCA95D5-8181-4602-9658-466E1C383BE7}.Release|x64.Build.0 = Release|x64
		{DFCA95D5-8181-4602-9658-466E1C383BE7}.Release|x86.ActiveCfg = Release|Win32
		{DFCA95D5-8181-4602-9658-466E1C383BE7}.Release|x86.Build.0 = Release|Win32
		{BE3762D5-28E6-4D70-B4F8-83FC0503DE9C}.Debug|x64.ActiveCfg = Debug|x64
		{BE3762D5-28E6-4D70-B4F8-83FC0503DE9C}.Debug|x64.Build.0 = Debug|x64
		{BE3762D5-28E6-4D70-B4F8-83FC0503DE9C}.Debug|x86.ActiveCfg = Debug|Win32
		{BE3762D5-28E6-4D70-B4F8-83FC0503DE9C}.Debug|x86.Build.0 = Debug|Win32
		{BE3762D5-28E6-4D70-B4F8-83FC0503DE9C}.Release|x64.ActiveCfg = Release|x64
		{BE3762D5-28E6-4D70-B4F8-83FC0503DE9C}.Release|x64.Build.0 = Release|x64
		{BE3762D5-28E6-4D70-B4F8-83FC0503DE9C}.Release|x86.ActiveCfg = Release|Win32
		{BE3762D5-28E6-4D70-B4F8-83FC0503DE9C}.Release|x86.Build.0 = Release|Win32
	EndGlobalSection
	GlobalSection(SolutionProperties) = preSolution
		HideSolutionNode = FALSE
	EndGlobalSection
	GlobalSection(ExtensibilityGlobals) = postSolution
		SolutionGuid = {EE60F374-4DE3-40C5-B3F5-FEE8ECA15075}
	EndGlobalSection
EndGlobal
